// !$*UTF8*$!
{
	archiveVersion = 1;
	classes = {
	};
	objectVersion = 55;
	objects = {

/* Begin PBXBuildFile section */
		2C1261D9281FF49B00B46386 /* AppDelegate.swift in Sources */ = {isa = PBXBuildFile; fileRef = 2C1261D8281FF49B00B46386 /* AppDelegate.swift */; };
		2C1261E2281FF4A200B46386 /* Assets.xcassets in Resources */ = {isa = PBXBuildFile; fileRef = 2C1261E1281FF4A200B46386 /* Assets.xcassets */; };
		2C1261E5281FF4A200B46386 /* LaunchScreen.storyboard in Resources */ = {isa = PBXBuildFile; fileRef = 2C1261E3281FF4A200B46386 /* LaunchScreen.storyboard */; };
		2C1261F0281FF7C900B46386 /* UnitTestViewController.swift in Sources */ = {isa = PBXBuildFile; fileRef = 2C1261EE281FF7C900B46386 /* UnitTestViewController.swift */; };
		2C1261F1281FF7C900B46386 /* UnitTestViewController.xib in Resources */ = {isa = PBXBuildFile; fileRef = 2C1261EF281FF7C900B46386 /* UnitTestViewController.xib */; };
		2C1261F3281FF7DF00B46386 /* UnitTestCoordinator.swift in Sources */ = {isa = PBXBuildFile; fileRef = 2C1261F2281FF7DF00B46386 /* UnitTestCoordinator.swift */; };
		2C1261F5281FFB0E00B46386 /* UnitTestPresenter.swift in Sources */ = {isa = PBXBuildFile; fileRef = 2C1261F4281FFB0E00B46386 /* UnitTestPresenter.swift */; };
		2C1261F7281FFBAC00B46386 /* AppCoreCoordinator.swift in Sources */ = {isa = PBXBuildFile; fileRef = 2C1261F6281FFBAC00B46386 /* AppCoreCoordinator.swift */; };
		2C1261FF281FFD7F00B46386 /* UnitTestCiceBootcamp2022Tests.swift in Sources */ = {isa = PBXBuildFile; fileRef = 2C1261FE281FFD7F00B46386 /* UnitTestCiceBootcamp2022Tests.swift */; };
		2C1262092820158F00B46386 /* UnitTestPresenterTests.swift in Sources */ = {isa = PBXBuildFile; fileRef = 2C1262082820158F00B46386 /* UnitTestPresenterTests.swift */; };
/* End PBXBuildFile section */

/* Begin PBXContainerItemProxy section */
		2C126200281FFD7F00B46386 /* PBXContainerItemProxy */ = {
			isa = PBXContainerItemProxy;
			containerPortal = 2C1261CD281FF49B00B46386 /* Project object */;
			proxyType = 1;
			remoteGlobalIDString = 2C1261D4281FF49B00B46386;
			remoteInfo = UnitTestCiceBootcamp2022;
		};
/* End PBXContainerItemProxy section */

/* Begin PBXFileReference section */
		2C1261D5281FF49B00B46386 /* UnitTestCiceBootcamp2022.app */ = {isa = PBXFileReference; explicitFileType = wrapper.application; includeInIndex = 0; path = UnitTestCiceBootcamp2022.app; sourceTree = BUILT_PRODUCTS_DIR; };
		2C1261D8281FF49B00B46386 /* AppDelegate.swift */ = {isa = PBXFileReference; lastKnownFileType = sourcecode.swift; path = AppDelegate.swift; sourceTree = "<group>"; };
		2C1261E1281FF4A200B46386 /* Assets.xcassets */ = {isa = PBXFileReference; lastKnownFileType = folder.assetcatalog; path = Assets.xcassets; sourceTree = "<group>"; };
		2C1261E4281FF4A200B46386 /* Base */ = {isa = PBXFileReference; lastKnownFileType = file.storyboard; name = Base; path = Base.lproj/LaunchScreen.storyboard; sourceTree = "<group>"; };
		2C1261E6281FF4A200B46386 /* Info.plist */ = {isa = PBXFileReference; lastKnownFileType = text.plist.xml; path = Info.plist; sourceTree = "<group>"; };
		2C1261EE281FF7C900B46386 /* UnitTestViewController.swift */ = {isa = PBXFileReference; lastKnownFileType = sourcecode.swift; path = UnitTestViewController.swift; sourceTree = "<group>"; };
		2C1261EF281FF7C900B46386 /* UnitTestViewController.xib */ = {isa = PBXFileReference; lastKnownFileType = file.xib; path = UnitTestViewController.xib; sourceTree = "<group>"; };
		2C1261F2281FF7DF00B46386 /* UnitTestCoordinator.swift */ = {isa = PBXFileReference; lastKnownFileType = sourcecode.swift; path = UnitTestCoordinator.swift; sourceTree = "<group>"; };
		2C1261F4281FFB0E00B46386 /* UnitTestPresenter.swift */ = {isa = PBXFileReference; lastKnownFileType = sourcecode.swift; path = UnitTestPresenter.swift; sourceTree = "<group>"; };
		2C1261F6281FFBAC00B46386 /* AppCoreCoordinator.swift */ = {isa = PBXFileReference; lastKnownFileType = sourcecode.swift; path = AppCoreCoordinator.swift; sourceTree = "<group>"; };
		2C1261FC281FFD7F00B46386 /* UnitTestCiceBootcamp2022Tests.xctest */ = {isa = PBXFileReference; explicitFileType = wrapper.cfbundle; includeInIndex = 0; path = UnitTestCiceBootcamp2022Tests.xctest; sourceTree = BUILT_PRODUCTS_DIR; };
		2C1261FE281FFD7F00B46386 /* UnitTestCiceBootcamp2022Tests.swift */ = {isa = PBXFileReference; lastKnownFileType = sourcecode.swift; path = UnitTestCiceBootcamp2022Tests.swift; sourceTree = "<group>"; };
		2C1262082820158F00B46386 /* UnitTestPresenterTests.swift */ = {isa = PBXFileReference; lastKnownFileType = sourcecode.swift; path = UnitTestPresenterTests.swift; sourceTree = "<group>"; };
/* End PBXFileReference section */

/* Begin PBXFrameworksBuildPhase section */
		2C1261D2281FF49B00B46386 /* Frameworks */ = {
			isa = PBXFrameworksBuildPhase;
			buildActionMask = 2147483647;
			files = (
			);
			runOnlyForDeploymentPostprocessing = 0;
		};
		2C1261F9281FFD7F00B46386 /* Frameworks */ = {
			isa = PBXFrameworksBuildPhase;
			buildActionMask = 2147483647;
			files = (
			);
			runOnlyForDeploymentPostprocessing = 0;
		};
/* End PBXFrameworksBuildPhase section */

/* Begin PBXGroup section */
		2C1261CC281FF49B00B46386 = {
			isa = PBXGroup;
			children = (
				2C1261D7281FF49B00B46386 /* UnitTestCiceBootcamp2022 */,
				2C1261FD281FFD7F00B46386 /* UnitTestCiceBootcamp2022Tests */,
				2C1261D6281FF49B00B46386 /* Products */,
			);
			sourceTree = "<group>";
		};
		2C1261D6281FF49B00B46386 /* Products */ = {
			isa = PBXGroup;
			children = (
				2C1261D5281FF49B00B46386 /* UnitTestCiceBootcamp2022.app */,
				2C1261FC281FFD7F00B46386 /* UnitTestCiceBootcamp2022Tests.xctest */,
			);
			name = Products;
			sourceTree = "<group>";
		};
		2C1261D7281FF49B00B46386 /* UnitTestCiceBootcamp2022 */ = {
			isa = PBXGroup;
			children = (
				2C1261ED281FF7AE00B46386 /* UnitTestView */,
				2C1261EC281FF75300B46386 /* CoreApp */,
				2C1261E1281FF4A200B46386 /* Assets.xcassets */,
				2C1261E3281FF4A200B46386 /* LaunchScreen.storyboard */,
				2C1261E6281FF4A200B46386 /* Info.plist */,
			);
			path = UnitTestCiceBootcamp2022;
			sourceTree = "<group>";
		};
		2C1261EC281FF75300B46386 /* CoreApp */ = {
			isa = PBXGroup;
			children = (
				2C1261D8281FF49B00B46386 /* AppDelegate.swift */,
				2C1261F6281FFBAC00B46386 /* AppCoreCoordinator.swift */,
			);
			path = CoreApp;
			sourceTree = "<group>";
		};
		2C1261ED281FF7AE00B46386 /* UnitTestView */ = {
			isa = PBXGroup;
			children = (
				2C1261EE281FF7C900B46386 /* UnitTestViewController.swift */,
				2C1261EF281FF7C900B46386 /* UnitTestViewController.xib */,
				2C1261F2281FF7DF00B46386 /* UnitTestCoordinator.swift */,
				2C1261F4281FFB0E00B46386 /* UnitTestPresenter.swift */,
			);
			path = UnitTestView;
			sourceTree = "<group>";
		};
		2C1261FD281FFD7F00B46386 /* UnitTestCiceBootcamp2022Tests */ = {
			isa = PBXGroup;
			children = (
				2C1262052820154E00B46386 /* UnitTestView */,
				2C1261FE281FFD7F00B46386 /* UnitTestCiceBootcamp2022Tests.swift */,
			);
			path = UnitTestCiceBootcamp2022Tests;
			sourceTree = "<group>";
		};
		2C1262052820154E00B46386 /* UnitTestView */ = {
			isa = PBXGroup;
			children = (
				2C1262082820158F00B46386 /* UnitTestPresenterTests.swift */,
			);
			path = UnitTestView;
			sourceTree = "<group>";
		};
/* End PBXGroup section */

/* Begin PBXNativeTarget section */
		2C1261D4281FF49B00B46386 /* UnitTestCiceBootcamp2022 */ = {
			isa = PBXNativeTarget;
			buildConfigurationList = 2C1261E9281FF4A200B46386 /* Build configuration list for PBXNativeTarget "UnitTestCiceBootcamp2022" */;
			buildPhases = (
				2C1261D1281FF49B00B46386 /* Sources */,
				2C1261D2281FF49B00B46386 /* Frameworks */,
				2C1261D3281FF49B00B46386 /* Resources */,
			);
			buildRules = (
			);
			dependencies = (
			);
			name = UnitTestCiceBootcamp2022;
			productName = UnitTestCiceBootcamp2022;
			productReference = 2C1261D5281FF49B00B46386 /* UnitTestCiceBootcamp2022.app */;
			productType = "com.apple.product-type.application";
		};
		2C1261FB281FFD7F00B46386 /* UnitTestCiceBootcamp2022Tests */ = {
			isa = PBXNativeTarget;
			buildConfigurationList = 2C126202281FFD7F00B46386 /* Build configuration list for PBXNativeTarget "UnitTestCiceBootcamp2022Tests" */;
			buildPhases = (
				2C1261F8281FFD7F00B46386 /* Sources */,
				2C1261F9281FFD7F00B46386 /* Frameworks */,
				2C1261FA281FFD7F00B46386 /* Resources */,
			);
			buildRules = (
			);
			dependencies = (
				2C126201281FFD7F00B46386 /* PBXTargetDependency */,
			);
			name = UnitTestCiceBootcamp2022Tests;
			productName = UnitTestCiceBootcamp2022Tests;
			productReference = 2C1261FC281FFD7F00B46386 /* UnitTestCiceBootcamp2022Tests.xctest */;
			productType = "com.apple.product-type.bundle.unit-test";
		};
/* End PBXNativeTarget section */

/* Begin PBXProject section */
		2C1261CD281FF49B00B46386 /* Project object */ = {
			isa = PBXProject;
			attributes = {
				BuildIndependentTargetsInParallel = 1;
				LastSwiftUpdateCheck = 1320;
				LastUpgradeCheck = 1320;
				TargetAttributes = {
					2C1261D4281FF49B00B46386 = {
						CreatedOnToolsVersion = 13.2.1;
					};
					2C1261FB281FFD7F00B46386 = {
						CreatedOnToolsVersion = 13.2.1;
						TestTargetID = 2C1261D4281FF49B00B46386;
					};
				};
			};
			buildConfigurationList = 2C1261D0281FF49B00B46386 /* Build configuration list for PBXProject "UnitTestCiceBootcamp2022" */;
			compatibilityVersion = "Xcode 13.0";
			developmentRegion = en;
			hasScannedForEncodings = 0;
			knownRegions = (
				en,
				Base,
			);
			mainGroup = 2C1261CC281FF49B00B46386;
			productRefGroup = 2C1261D6281FF49B00B46386 /* Products */;
			projectDirPath = "";
			projectRoot = "";
			targets = (
				2C1261D4281FF49B00B46386 /* UnitTestCiceBootcamp2022 */,
				2C1261FB281FFD7F00B46386 /* UnitTestCiceBootcamp2022Tests */,
			);
		};
/* End PBXProject section */

/* Begin PBXResourcesBuildPhase section */
		2C1261D3281FF49B00B46386 /* Resources */ = {
			isa = PBXResourcesBuildPhase;
			buildActionMask = 2147483647;
			files = (
				2C1261F1281FF7C900B46386 /* UnitTestViewController.xib in Resources */,
				2C1261E5281FF4A200B46386 /* LaunchScreen.storyboard in Resources */,
				2C1261E2281FF4A200B46386 /* Assets.xcassets in Resources */,
			);
			runOnlyForDeploymentPostprocessing = 0;
		};
		2C1261FA281FFD7F00B46386 /* Resources */ = {
			isa = PBXResourcesBuildPhase;
			buildActionMask = 2147483647;
			files = (
			);
			runOnlyForDeploymentPostprocessing = 0;
		};
/* End PBXResourcesBuildPhase section */

/* Begin PBXSourcesBuildPhase section */
		2C1261D1281FF49B00B46386 /* Sources */ = {
			isa = PBXSourcesBuildPhase;
			buildActionMask = 2147483647;
			files = (
				2C1261F3281FF7DF00B46386 /* UnitTestCoordinator.swift in Sources */,
				2C1261F7281FFBAC00B46386 /* AppCoreCoordinator.swift in Sources */,
				2C1261F0281FF7C900B46386 /* UnitTestViewController.swift in Sources */,
				2C1261F5281FFB0E00B46386 /* UnitTestPresenter.swift in Sources */,
				2C1261D9281FF49B00B46386 /* AppDelegate.swift in Sources */,
			);
			runOnlyForDeploymentPostprocessing = 0;
		};
		2C1261F8281FFD7F00B46386 /* Sources */ = {
			isa = PBXSourcesBuildPhase;
			buildActionMask = 2147483647;
			files = (
				2C1262092820158F00B46386 /* UnitTestPresenterTests.swift in Sources */,
				2C1261FF281FFD7F00B46386 /* UnitTestCiceBootcamp2022Tests.swift in Sources */,
			);
			runOnlyForDeploymentPostprocessing = 0;
		};
/* End PBXSourcesBuildPhase section */

/* Begin PBXTargetDependency section */
		2C126201281FFD7F00B46386 /* PBXTargetDependency */ = {
			isa = PBXTargetDependency;
			target = 2C1261D4281FF49B00B46386 /* UnitTestCiceBootcamp2022 */;
			targetProxy = 2C126200281FFD7F00B46386 /* PBXContainerItemProxy */;
		};
/* End PBXTargetDependency section */

/* Begin PBXVariantGroup section */
		2C1261E3281FF4A200B46386 /* LaunchScreen.storyboard */ = {
			isa = PBXVariantGroup;
			children = (
				2C1261E4281FF4A200B46386 /* Base */,
			);
			name = LaunchScreen.storyboard;
			sourceTree = "<group>";
		};
/* End PBXVariantGroup section */

/* Begin XCBuildConfiguration section */
		2C1261E7281FF4A200B46386 /* Debug */ = {
			isa = XCBuildConfiguration;
			buildSettings = {
				ALWAYS_SEARCH_USER_PATHS = NO;
				CLANG_ANALYZER_NONNULL = YES;
				CLANG_ANALYZER_NUMBER_OBJECT_CONVERSION = YES_AGGRESSIVE;
				CLANG_CXX_LANGUAGE_STANDARD = "gnu++17";
				CLANG_CXX_LIBRARY = "libc++";
				CLANG_ENABLE_MODULES = YES;
				CLANG_ENABLE_OBJC_ARC = YES;
				CLANG_ENABLE_OBJC_WEAK = YES;
				CLANG_WARN_BLOCK_CAPTURE_AUTORELEASING = YES;
				CLANG_WARN_BOOL_CONVERSION = YES;
				CLANG_WARN_COMMA = YES;
				CLANG_WARN_CONSTANT_CONVERSION = YES;
				CLANG_WARN_DEPRECATED_OBJC_IMPLEMENTATIONS = YES;
				CLANG_WARN_DIRECT_OBJC_ISA_USAGE = YES_ERROR;
				CLANG_WARN_DOCUMENTATION_COMMENTS = YES;
				CLANG_WARN_EMPTY_BODY = YES;
				CLANG_WARN_ENUM_CONVERSION = YES;
				CLANG_WARN_INFINITE_RECURSION = YES;
				CLANG_WARN_INT_CONVERSION = YES;
				CLANG_WARN_NON_LITERAL_NULL_CONVERSION = YES;
				CLANG_WARN_OBJC_IMPLICIT_RETAIN_SELF = YES;
				CLANG_WARN_OBJC_LITERAL_CONVERSION = YES;
				CLANG_WARN_OBJC_ROOT_CLASS = YES_ERROR;
				CLANG_WARN_QUOTED_INCLUDE_IN_FRAMEWORK_HEADER = YES;
				CLANG_WARN_RANGE_LOOP_ANALYSIS = YES;
				CLANG_WARN_STRICT_PROTOTYPES = YES;
				CLANG_WARN_SUSPICIOUS_MOVE = YES;
				CLANG_WARN_UNGUARDED_AVAILABILITY = YES_AGGRESSIVE;
				CLANG_WARN_UNREACHABLE_CODE = YES;
				CLANG_WARN__DUPLICATE_METHOD_MATCH = YES;
				COPY_PHASE_STRIP = NO;
				DEBUG_INFORMATION_FORMAT = dwarf;
				ENABLE_STRICT_OBJC_MSGSEND = YES;
				ENABLE_TESTABILITY = YES;
				GCC_C_LANGUAGE_STANDARD = gnu11;
				GCC_DYNAMIC_NO_PIC = NO;
				GCC_NO_COMMON_BLOCKS = YES;
				GCC_OPTIMIZATION_LEVEL = 0;
				GCC_PREPROCESSOR_DEFINITIONS = (
					"DEBUG=1",
					"$(inherited)",
				);
				GCC_WARN_64_TO_32_BIT_CONVERSION = YES;
				GCC_WARN_ABOUT_RETURN_TYPE = YES_ERROR;
				GCC_WARN_UNDECLARED_SELECTOR = YES;
				GCC_WARN_UNINITIALIZED_AUTOS = YES_AGGRESSIVE;
				GCC_WARN_UNUSED_FUNCTION = YES;
				GCC_WARN_UNUSED_VARIABLE = YES;
				IPHONEOS_DEPLOYMENT_TARGET = 15.2;
				MTL_ENABLE_DEBUG_INFO = INCLUDE_SOURCE;
				MTL_FAST_MATH = YES;
				ONLY_ACTIVE_ARCH = YES;
				SDKROOT = iphoneos;
				SWIFT_ACTIVE_COMPILATION_CONDITIONS = DEBUG;
				SWIFT_OPTIMIZATION_LEVEL = "-Onone";
			};
			name = Debug;
		};
		2C1261E8281FF4A200B46386 /* Release */ = {
			isa = XCBuildConfiguration;
			buildSettings = {
				ALWAYS_SEARCH_USER_PATHS = NO;
				CLANG_ANALYZER_NONNULL = YES;
				CLANG_ANALYZER_NUMBER_OBJECT_CONVERSION = YES_AGGRESSIVE;
				CLANG_CXX_LANGUAGE_STANDARD = "gnu++17";
				CLANG_CXX_LIBRARY = "libc++";
				CLANG_ENABLE_MODULES = YES;
				CLANG_ENABLE_OBJC_ARC = YES;
				CLANG_ENABLE_OBJC_WEAK = YES;
				CLANG_WARN_BLOCK_CAPTURE_AUTORELEASING = YES;
				CLANG_WARN_BOOL_CONVERSION = YES;
				CLANG_WARN_COMMA = YES;
				CLANG_WARN_CONSTANT_CONVERSION = YES;
				CLANG_WARN_DEPRECATED_OBJC_IMPLEMENTATIONS = YES;
				CLANG_WARN_DIRECT_OBJC_ISA_USAGE = YES_ERROR;
				CLANG_WARN_DOCUMENTATION_COMMENTS = YES;
				CLANG_WARN_EMPTY_BODY = YES;
				CLANG_WARN_ENUM_CONVERSION = YES;
				CLANG_WARN_INFINITE_RECURSION = YES;
				CLANG_WARN_INT_CONVERSION = YES;
				CLANG_WARN_NON_LITERAL_NULL_CONVERSION = YES;
				CLANG_WARN_OBJC_IMPLICIT_RETAIN_SELF = YES;
				CLANG_WARN_OBJC_LITERAL_CONVERSION = YES;
				CLANG_WARN_OBJC_ROOT_CLASS = YES_ERROR;
				CLANG_WARN_QUOTED_INCLUDE_IN_FRAMEWORK_HEADER = YES;
				CLANG_WARN_RANGE_LOOP_ANALYSIS = YES;
				CLANG_WARN_STRICT_PROTOTYPES = YES;
				CLANG_WARN_SUSPICIOUS_MOVE = YES;
				CLANG_WARN_UNGUARDED_AVAILABILITY = YES_AGGRESSIVE;
				CLANG_WARN_UNREACHABLE_CODE = YES;
				CLANG_WARN__DUPLICATE_METHOD_MATCH = YES;
				COPY_PHASE_STRIP = NO;
				DEBUG_INFORMATION_FORMAT = "dwarf-with-dsym";
				ENABLE_NS_ASSERTIONS = NO;
				ENABLE_STRICT_OBJC_MSGSEND = YES;
				GCC_C_LANGUAGE_STANDARD = gnu11;
				GCC_NO_COMMON_BLOCKS = YES;
				GCC_WARN_64_TO_32_BIT_CONVERSION = YES;
				GCC_WARN_ABOUT_RETURN_TYPE = YES_ERROR;
				GCC_WARN_UNDECLARED_SELECTOR = YES;
				GCC_WARN_UNINITIALIZED_AUTOS = YES_AGGRESSIVE;
				GCC_WARN_UNUSED_FUNCTION = YES;
				GCC_WARN_UNUSED_VARIABLE = YES;
				IPHONEOS_DEPLOYMENT_TARGET = 15.2;
				MTL_ENABLE_DEBUG_INFO = NO;
				MTL_FAST_MATH = YES;
				SDKROOT = iphoneos;
				SWIFT_COMPILATION_MODE = wholemodule;
				SWIFT_OPTIMIZATION_LEVEL = "-O";
				VALIDATE_PRODUCT = YES;
			};
			name = Release;
		};
		2C1261EA281FF4A200B46386 /* Debug */ = {
			isa = XCBuildConfiguration;
			buildSettings = {
				ASSETCATALOG_COMPILER_APPICON_NAME = AppIcon;
				ASSETCATALOG_COMPILER_GLOBAL_ACCENT_COLOR_NAME = AccentColor;
				CODE_SIGN_STYLE = Automatic;
				CURRENT_PROJECT_VERSION = 1;
				DEVELOPMENT_TEAM = NRQSWUDVWG;
				GENERATE_INFOPLIST_FILE = YES;
				INFOPLIST_FILE = UnitTestCiceBootcamp2022/Info.plist;
				INFOPLIST_KEY_UIApplicationSupportsIndirectInputEvents = YES;
				INFOPLIST_KEY_UILaunchStoryboardName = LaunchScreen;
				INFOPLIST_KEY_UISupportedInterfaceOrientations_iPad = "UIInterfaceOrientationPortrait UIInterfaceOrientationPortraitUpsideDown UIInterfaceOrientationLandscapeLeft UIInterfaceOrientationLandscapeRight";
				INFOPLIST_KEY_UISupportedInterfaceOrientations_iPhone = "UIInterfaceOrientationPortrait UIInterfaceOrientationLandscapeLeft UIInterfaceOrientationLandscapeRight";
				LD_RUNPATH_SEARCH_PATHS = (
					"$(inherited)",
					"@executable_path/Frameworks",
				);
				MARKETING_VERSION = 1.0;
				PRODUCT_BUNDLE_IDENTIFIER = com.ccarrera.ios.UnitTestCiceBootcamp2022;
				PRODUCT_NAME = "$(TARGET_NAME)";
				SWIFT_EMIT_LOC_STRINGS = YES;
				SWIFT_VERSION = 5.0;
				TARGETED_DEVICE_FAMILY = 1;
			};
			name = Debug;
		};
		2C1261EB281FF4A200B46386 /* Release */ = {
			isa = XCBuildConfiguration;
			buildSettings = {
				ASSETCATALOG_COMPILER_APPICON_NAME = AppIcon;
				ASSETCATALOG_COMPILER_GLOBAL_ACCENT_COLOR_NAME = AccentColor;
				CODE_SIGN_STYLE = Automatic;
				CURRENT_PROJECT_VERSION = 1;
				DEVELOPMENT_TEAM = NRQSWUDVWG;
				GENERATE_INFOPLIST_FILE = YES;
				INFOPLIST_FILE = UnitTestCiceBootcamp2022/Info.plist;
				INFOPLIST_KEY_UIApplicationSupportsIndirectInputEvents = YES;
				INFOPLIST_KEY_UILaunchStoryboardName = LaunchScreen;
				INFOPLIST_KEY_UISupportedInterfaceOrientations_iPad = "UIInterfaceOrientationPortrait UIInterfaceOrientationPortraitUpsideDown UIInterfaceOrientationLandscapeLeft UIInterfaceOrientationLandscapeRight";
				INFOPLIST_KEY_UISupportedInterfaceOrientations_iPhone = "UIInterfaceOrientationPortrait UIInterfaceOrientationLandscapeLeft UIInterfaceOrientationLandscapeRight";
				LD_RUNPATH_SEARCH_PATHS = (
					"$(inherited)",
					"@executable_path/Frameworks",
				);
				MARKETING_VERSION = 1.0;
				PRODUCT_BUNDLE_IDENTIFIER = com.ccarrera.ios.UnitTestCiceBootcamp2022;
				PRODUCT_NAME = "$(TARGET_NAME)";
				SWIFT_EMIT_LOC_STRINGS = YES;
				SWIFT_VERSION = 5.0;
				TARGETED_DEVICE_FAMILY = 1;
			};
			name = Release;
		};
		2C126203281FFD7F00B46386 /* Debug */ = {
			isa = XCBuildConfiguration;
			buildSettings = {
				BUNDLE_LOADER = "$(TEST_HOST)";
				CODE_SIGN_STYLE = Automatic;
				CURRENT_PROJECT_VERSION = 1;
				DEVELOPMENT_TEAM = NRQSWUDVWG;
				GENERATE_INFOPLIST_FILE = YES;
				MARKETING_VERSION = 1.0;
				PRODUCT_BUNDLE_IDENTIFIER = com.ccarrera.ios.UnitTestCiceBootcamp2022Tests;
				PRODUCT_NAME = "$(TARGET_NAME)";
				SWIFT_EMIT_LOC_STRINGS = NO;
				SWIFT_VERSION = 5.0;
				TARGETED_DEVICE_FAMILY = "1,2";
				TEST_HOST = "$(BUILT_PRODUCTS_DIR)/UnitTestCiceBootcamp2022.app/UnitTestCiceBootcamp2022";
			};
			name = Debug;
		};
		2C126204281FFD7F00B46386 /* Release */ = {
			isa = XCBuildConfiguration;
			buildSettings = {
				BUNDLE_LOADER = "$(TEST_HOST)";
				CODE_SIGN_STYLE = Automatic;
				CURRENT_PROJECT_VERSION = 1;
				DEVELOPMENT_TEAM = NRQSWUDVWG;
				GENERATE_INFOPLIST_FILE = YES;
				MARKETING_VERSION = 1.0;
				PRODUCT_BUNDLE_IDENTIFIER = com.ccarrera.ios.UnitTestCiceBootcamp2022Tests;
				PRODUCT_NAME = "$(TARGET_NAME)";
				SWIFT_EMIT_LOC_STRINGS = NO;
				SWIFT_VERSION = 5.0;
				TARGETED_DEVICE_FAMILY = "1,2";
				TEST_HOST = "$(BUILT_PRODUCTS_DIR)/UnitTestCiceBootcamp2022.app/UnitTestCiceBootcamp2022";
			};
			name = Release;
		};
/* End XCBuildConfiguration section */

/* Begin XCConfigurationList section */
		2C1261D0281FF49B00B46386 /* Build configuration list for PBXProject "UnitTestCiceBootcamp2022" */ = {
			isa = XCConfigurationList;
			buildConfigurations = (
				2C1261E7281FF4A200B46386 /* Debug */,
				2C1261E8281FF4A200B46386 /* Release */,
			);
			defaultConfigurationIsVisible = 0;
			defaultConfigurationName = Release;
		};
		2C1261E9281FF4A200B46386 /* Build configuration list for PBXNativeTarget "UnitTestCiceBootcamp2022" */ = {
			isa = XCConfigurationList;
			buildConfigurations = (
				2C1261EA281FF4A200B46386 /* Debug */,
				2C1261EB281FF4A200B46386 /* Release */,
			);
			defaultConfigurationIsVisible = 0;
			defaultConfigurationName = Release;
		};
		2C126202281FFD7F00B46386 /* Build configuration list for PBXNativeTarget "UnitTestCiceBootcamp2022Tests" */ = {
			isa = XCConfigurationList;
			buildConfigurations = (
				2C126203281FFD7F00B46386 /* Debug */,
				2C126204281FFD7F00B46386 /* Release */,
			);
			defaultConfigurationIsVisible = 0;
			defaultConfigurationName = Release;
		};
/* End XCConfigurationList section */
	};
	rootObject = 2C1261CD281FF49B00B46386 /* Project object */;
}
